
Microsoft Visual Studio Solution File, Format Version 12.00
# Visual Studio 15
VisualStudioVersion = 15.0.28307.1705
MinimumVisualStudioVersion = 10.0.40219.1
Project("{FAE04EC0-301F-11D3-BF4B-00C04F79EFBC}") = "FixWebApi", "FixWebApi\FixWebApi.csproj", "{5CF140C7-DE48-4ED8-9CB7-36C75D3752FC}"
EndProject
Global
	GlobalSection(SolutionConfigurationPlatforms) = preSolution
		Debug|Any CPU = Debug|Any CPU
		Release|Any CPU = Release|Any CPU
	EndGlobalSection
	GlobalSection(ProjectConfigurationPlatforms) = postSolution
		{5CF140C7-DE48-4ED8-9CB7-36C75D3752FC}.Debug|Any CPU.ActiveCfg = Debug|Any CPU
		{5CF140C7-DE48-4ED8-9CB7-36C75D3752FC}.Debug|Any CPU.Build.0 = Debug|Any CPU
		{5CF140C7-DE48-4ED8-9CB7-36C75D3752FC}.Release|Any CPU.ActiveCfg = Release|Any CPU
		{5CF140C7-DE48-4ED8-9CB7-36C75D3752FC}.Release|Any CPU.Build.0 = Release|Any CPU
	EndGlobalSection
	GlobalSection(SolutionProperties) = preSolution
		HideSolutionNode = FALSE
	EndGlobalSection
	GlobalSection(ExtensibilityGlobals) = postSolution
		SolutionGuid = {9BCBA4C1-918A-4AC0-8E1C-83038428AA57}
	EndGlobalSection
EndGlobal
